{
  "requires": true,
  "lockfileVersion": 1,
  "dependencies": {
    "react-edit-button": {
      "version": "1.0.2",
      "resolved": "https://registry.npmjs.org/react-edit-button/-/react-edit-button-1.0.2.tgz",
      "integrity": "sha512-Rx9XloJMBVW7mSxd+Tex/hyJA4guEmlzLAidYN2pCTPEiBJbyfAt49X2WGkuCrBOw9d5iOfb9ckpLAVgUiDb3A=="
    }
  }
}
